
Microsoft Visual Studio Solution File, Format Version 12.00
# Visual Studio 15
VisualStudioVersion = 15.0.28307.102
MinimumVisualStudioVersion = 10.0.40219.1
Project("{FAE04EC0-301F-11D3-BF4B-00C04F79EFBC}") = "MinecraftHiveMind", "MinecraftHiveMind\MinecraftHiveMind.csproj", "{03984470-36DC-43D1-8485-578ABF3D7257}"
EndProject
Project("{FAE04EC0-301F-11D3-BF4B-00C04F79EFBC}") = "MinecraftNetwork", "MinecraftNetwork\MinecraftNetwork.csproj", "{FC6BC7CA-8C23-4E69-8952-FE89DD968753}"
EndProject
Project("{FAE04EC0-301F-11D3-BF4B-00C04F79EFBC}") = "MinecraftNetwork.Tests", "MinecraftNetwork.Tests\MinecraftNetwork.Tests.csproj", "{AE6C35CE-BD45-4D5F-A66C-33AC29FB40B2}"
EndProject
Global
	GlobalSection(SolutionConfigurationPlatforms) = preSolution
		Debug|Any CPU = Debug|Any CPU
		Release|Any CPU = Release|Any CPU
	EndGlobalSection
	GlobalSection(ProjectConfigurationPlatforms) = postSolution
		{03984470-36DC-43D1-8485-578ABF3D7257}.Debug|Any CPU.ActiveCfg = Debug|Any CPU
		{03984470-36DC-43D1-8485-578ABF3D7257}.Debug|Any CPU.Build.0 = Debug|Any CPU
		{03984470-36DC-43D1-8485-578ABF3D7257}.Release|Any CPU.ActiveCfg = Release|Any CPU
		{03984470-36DC-43D1-8485-578ABF3D7257}.Release|Any CPU.Build.0 = Release|Any CPU
		{FC6BC7CA-8C23-4E69-8952-FE89DD968753}.Debug|Any CPU.ActiveCfg = Debug|Any CPU
		{FC6BC7CA-8C23-4E69-8952-FE89DD968753}.Debug|Any CPU.Build.0 = Debug|Any CPU
		{FC6BC7CA-8C23-4E69-8952-FE89DD968753}.Release|Any CPU.ActiveCfg = Release|Any CPU
		{FC6BC7CA-8C23-4E69-8952-FE89DD968753}.Release|Any CPU.Build.0 = Release|Any CPU
		{AE6C35CE-BD45-4D5F-A66C-33AC29FB40B2}.Debug|Any CPU.ActiveCfg = Debug|Any CPU
		{AE6C35CE-BD45-4D5F-A66C-33AC29FB40B2}.Debug|Any CPU.Build.0 = Debug|Any CPU
		{AE6C35CE-BD45-4D5F-A66C-33AC29FB40B2}.Release|Any CPU.ActiveCfg = Release|Any CPU
		{AE6C35CE-BD45-4D5F-A66C-33AC29FB40B2}.Release|Any CPU.Build.0 = Release|Any CPU
	EndGlobalSection
	GlobalSection(SolutionProperties) = preSolution
		HideSolutionNode = FALSE
	EndGlobalSection
	GlobalSection(ExtensibilityGlobals) = postSolution
		SolutionGuid = {957B3535-562F-4C6D-8341-CC8A33158F58}
	EndGlobalSection
EndGlobal
